
Microsoft Visual Studio Solution File, Format Version 12.00
# Visual Studio Version 16
VisualStudioVersion = 16.0.30503.244
MinimumVisualStudioVersion = 10.0.40219.1
Project("{FAE04EC0-301F-11D3-BF4B-00C04F79EFBC}") = "Client", "Client\Client.csproj", "{DFC7C0DB-EE68-4B3A-82C0-B28F2A6B135E}"
EndProject
Global
	GlobalSection(SolutionConfigurationPlatforms) = preSolution
		Debug|Any CPU = Debug|Any CPU
		Release|Any CPU = Release|Any CPU
	EndGlobalSection
	GlobalSection(ProjectConfigurationPlatforms) = postSolution
		{DFC7C0DB-EE68-4B3A-82C0-B28F2A6B135E}.Debug|Any CPU.ActiveCfg = Debug|Any CPU
		{DFC7C0DB-EE68-4B3A-82C0-B28F2A6B135E}.Debug|Any CPU.Build.0 = Debug|Any CPU
		{DFC7C0DB-EE68-4B3A-82C0-B28F2A6B135E}.Release|Any CPU.ActiveCfg = Release|Any CPU
		{DFC7C0DB-EE68-4B3A-82C0-B28F2A6B135E}.Release|Any CPU.Build.0 = Release|Any CPU
	EndGlobalSection
	GlobalSection(SolutionProperties) = preSolution
		HideSolutionNode = FALSE
	EndGlobalSection
	GlobalSection(ExtensibilityGlobals) = postSolution
		SolutionGuid = {1F9750CB-36EB-481A-9201-DC44765B2300}
	EndGlobalSection
EndGlobal
