
Microsoft Visual Studio Solution File, Format Version 12.00
# Visual Studio Version 16
VisualStudioVersion = 16.0.30204.135
MinimumVisualStudioVersion = 10.0.40219.1
Project("{FAE04EC0-301F-11D3-BF4B-00C04F79EFBC}") = "마우스컨트롤", "마우스컨트롤\마우스컨트롤.csproj", "{55338991-EA97-4F79-8CA2-8AEBC329ED85}"
EndProject
Global
	GlobalSection(SolutionConfigurationPlatforms) = preSolution
		Debug|Any CPU = Debug|Any CPU
		Release|Any CPU = Release|Any CPU
	EndGlobalSection
	GlobalSection(ProjectConfigurationPlatforms) = postSolution
		{55338991-EA97-4F79-8CA2-8AEBC329ED85}.Debug|Any CPU.ActiveCfg = Debug|Any CPU
		{55338991-EA97-4F79-8CA2-8AEBC329ED85}.Debug|Any CPU.Build.0 = Debug|Any CPU
		{55338991-EA97-4F79-8CA2-8AEBC329ED85}.Release|Any CPU.ActiveCfg = Release|Any CPU
		{55338991-EA97-4F79-8CA2-8AEBC329ED85}.Release|Any CPU.Build.0 = Release|Any CPU
	EndGlobalSection
	GlobalSection(SolutionProperties) = preSolution
		HideSolutionNode = FALSE
	EndGlobalSection
	GlobalSection(ExtensibilityGlobals) = postSolution
		SolutionGuid = {F693BEE5-95C2-4933-A825-82F51C27D3B5}
	EndGlobalSection
EndGlobal
