
Microsoft Visual Studio Solution File, Format Version 12.00
# Visual Studio Version 16
VisualStudioVersion = 16.0.30503.244
MinimumVisualStudioVersion = 10.0.40219.1
Project("{FAE04EC0-301F-11D3-BF4B-00C04F79EFBC}") = "전체전역변수", "전체전역변수\전체전역변수.csproj", "{D9BC5704-9D0B-45AF-A4CE-64BB45BC3C20}"
EndProject
Global
	GlobalSection(SolutionConfigurationPlatforms) = preSolution
		Debug|Any CPU = Debug|Any CPU
		Release|Any CPU = Release|Any CPU
	EndGlobalSection
	GlobalSection(ProjectConfigurationPlatforms) = postSolution
		{D9BC5704-9D0B-45AF-A4CE-64BB45BC3C20}.Debug|Any CPU.ActiveCfg = Debug|Any CPU
		{D9BC5704-9D0B-45AF-A4CE-64BB45BC3C20}.Debug|Any CPU.Build.0 = Debug|Any CPU
		{D9BC5704-9D0B-45AF-A4CE-64BB45BC3C20}.Release|Any CPU.ActiveCfg = Release|Any CPU
		{D9BC5704-9D0B-45AF-A4CE-64BB45BC3C20}.Release|Any CPU.Build.0 = Release|Any CPU
	EndGlobalSection
	GlobalSection(SolutionProperties) = preSolution
		HideSolutionNode = FALSE
	EndGlobalSection
	GlobalSection(ExtensibilityGlobals) = postSolution
		SolutionGuid = {B91DD630-ABC9-42B5-948E-8ABD1434876D}
	EndGlobalSection
EndGlobal
