
Microsoft Visual Studio Solution File, Format Version 12.00
# Visual Studio Version 16
VisualStudioVersion = 16.0.31005.135
MinimumVisualStudioVersion = 10.0.40219.1
Project("{FAE04EC0-301F-11D3-BF4B-00C04F79EFBC}") = "text2", "text2\text2.csproj", "{2E440D9F-15EA-47A3-916D-B54B4B60FB7F}"
EndProject
Global
	GlobalSection(SolutionConfigurationPlatforms) = preSolution
		Debug|Any CPU = Debug|Any CPU
		Release|Any CPU = Release|Any CPU
	EndGlobalSection
	GlobalSection(ProjectConfigurationPlatforms) = postSolution
		{2E440D9F-15EA-47A3-916D-B54B4B60FB7F}.Debug|Any CPU.ActiveCfg = Debug|Any CPU
		{2E440D9F-15EA-47A3-916D-B54B4B60FB7F}.Debug|Any CPU.Build.0 = Debug|Any CPU
		{2E440D9F-15EA-47A3-916D-B54B4B60FB7F}.Release|Any CPU.ActiveCfg = Release|Any CPU
		{2E440D9F-15EA-47A3-916D-B54B4B60FB7F}.Release|Any CPU.Build.0 = Release|Any CPU
	EndGlobalSection
	GlobalSection(SolutionProperties) = preSolution
		HideSolutionNode = FALSE
	EndGlobalSection
	GlobalSection(ExtensibilityGlobals) = postSolution
		SolutionGuid = {4C7F1DC4-02F7-4479-AA1E-D6DF29267C4B}
	EndGlobalSection
EndGlobal
