
Microsoft Visual Studio Solution File, Format Version 12.00
# Visual Studio Version 16
VisualStudioVersion = 16.0.31005.135
MinimumVisualStudioVersion = 10.0.40219.1
Project("{FAE04EC0-301F-11D3-BF4B-00C04F79EFBC}") = "chart1", "chart1\chart1.csproj", "{D5F5C969-C4DC-4EAC-9BDE-BEA7B3E2E436}"
EndProject
Global
	GlobalSection(SolutionConfigurationPlatforms) = preSolution
		Debug|Any CPU = Debug|Any CPU
		Release|Any CPU = Release|Any CPU
	EndGlobalSection
	GlobalSection(ProjectConfigurationPlatforms) = postSolution
		{D5F5C969-C4DC-4EAC-9BDE-BEA7B3E2E436}.Debug|Any CPU.ActiveCfg = Debug|Any CPU
		{D5F5C969-C4DC-4EAC-9BDE-BEA7B3E2E436}.Debug|Any CPU.Build.0 = Debug|Any CPU
		{D5F5C969-C4DC-4EAC-9BDE-BEA7B3E2E436}.Release|Any CPU.ActiveCfg = Release|Any CPU
		{D5F5C969-C4DC-4EAC-9BDE-BEA7B3E2E436}.Release|Any CPU.Build.0 = Release|Any CPU
	EndGlobalSection
	GlobalSection(SolutionProperties) = preSolution
		HideSolutionNode = FALSE
	EndGlobalSection
	GlobalSection(ExtensibilityGlobals) = postSolution
		SolutionGuid = {98899274-2AAD-4C11-BA1B-1E734B455061}
	EndGlobalSection
EndGlobal
