
Microsoft Visual Studio Solution File, Format Version 12.00
# Visual Studio Version 16
VisualStudioVersion = 16.0.30503.244
MinimumVisualStudioVersion = 10.0.40219.1
Project("{FAE04EC0-301F-11D3-BF4B-00C04F79EFBC}") = "WindowsFormsApp1", "WindowsFormsApp1\WindowsFormsApp1.csproj", "{7C5D0636-1A33-479B-A3A1-A81C0CEB57AF}"
EndProject
Global
	GlobalSection(SolutionConfigurationPlatforms) = preSolution
		Debug|Any CPU = Debug|Any CPU
		Release|Any CPU = Release|Any CPU
	EndGlobalSection
	GlobalSection(ProjectConfigurationPlatforms) = postSolution
		{7C5D0636-1A33-479B-A3A1-A81C0CEB57AF}.Debug|Any CPU.ActiveCfg = Debug|Any CPU
		{7C5D0636-1A33-479B-A3A1-A81C0CEB57AF}.Debug|Any CPU.Build.0 = Debug|Any CPU
		{7C5D0636-1A33-479B-A3A1-A81C0CEB57AF}.Release|Any CPU.ActiveCfg = Release|Any CPU
		{7C5D0636-1A33-479B-A3A1-A81C0CEB57AF}.Release|Any CPU.Build.0 = Release|Any CPU
	EndGlobalSection
	GlobalSection(SolutionProperties) = preSolution
		HideSolutionNode = FALSE
	EndGlobalSection
	GlobalSection(ExtensibilityGlobals) = postSolution
		SolutionGuid = {A20EA936-FDA5-47BD-BE40-9397DF82687A}
	EndGlobalSection
EndGlobal
