
Microsoft Visual Studio Solution File, Format Version 12.00
# Visual Studio Version 16
VisualStudioVersion = 16.0.31005.135
MinimumVisualStudioVersion = 10.0.40219.1
Project("{FAE04EC0-301F-11D3-BF4B-00C04F79EFBC}") = "client2_210215", "client2_210215\client2_210215.csproj", "{97A829BC-9C1A-47D8-BD6D-9E52AD4B8251}"
EndProject
Global
	GlobalSection(SolutionConfigurationPlatforms) = preSolution
		Debug|Any CPU = Debug|Any CPU
		Release|Any CPU = Release|Any CPU
	EndGlobalSection
	GlobalSection(ProjectConfigurationPlatforms) = postSolution
		{97A829BC-9C1A-47D8-BD6D-9E52AD4B8251}.Debug|Any CPU.ActiveCfg = Debug|Any CPU
		{97A829BC-9C1A-47D8-BD6D-9E52AD4B8251}.Debug|Any CPU.Build.0 = Debug|Any CPU
		{97A829BC-9C1A-47D8-BD6D-9E52AD4B8251}.Release|Any CPU.ActiveCfg = Release|Any CPU
		{97A829BC-9C1A-47D8-BD6D-9E52AD4B8251}.Release|Any CPU.Build.0 = Release|Any CPU
	EndGlobalSection
	GlobalSection(SolutionProperties) = preSolution
		HideSolutionNode = FALSE
	EndGlobalSection
	GlobalSection(ExtensibilityGlobals) = postSolution
		SolutionGuid = {EFA4C3B8-35F8-4466-BFA7-5DEC07C082BF}
	EndGlobalSection
EndGlobal
